
Microsoft Visual Studio Solution File, Format Version 12.00
# Visual Studio Version 16
VisualStudioVersion = 16.0.30114.105
MinimumVisualStudioVersion = 10.0.40219.1
Project("{2150E333-8FDC-42A3-9474-1A3956D46DE8}") = "src", "src", "{9277D781-7806-4C5C-B461-EFE216511D2F}"
EndProject
Project("{FAE04EC0-301F-11D3-BF4B-00C04F79EFBC}") = "Web2.API", "src\Web2.API\Web2.API.csproj", "{3F390876-4A49-4DFD-A3EA-847EA555B3A9}"
EndProject
Global
	GlobalSection(SolutionConfigurationPlatforms) = preSolution
		Debug|Any CPU = Debug|Any CPU
		Release|Any CPU = Release|Any CPU
	EndGlobalSection
	GlobalSection(SolutionProperties) = preSolution
		HideSolutionNode = FALSE
	EndGlobalSection
	GlobalSection(ProjectConfigurationPlatforms) = postSolution
		{3F390876-4A49-4DFD-A3EA-847EA555B3A9}.Debug|Any CPU.ActiveCfg = Debug|Any CPU
		{3F390876-4A49-4DFD-A3EA-847EA555B3A9}.Debug|Any CPU.Build.0 = Debug|Any CPU
		{3F390876-4A49-4DFD-A3EA-847EA555B3A9}.Release|Any CPU.ActiveCfg = Release|Any CPU
		{3F390876-4A49-4DFD-A3EA-847EA555B3A9}.Release|Any CPU.Build.0 = Release|Any CPU
	EndGlobalSection
	GlobalSection(NestedProjects) = preSolution
		{3F390876-4A49-4DFD-A3EA-847EA555B3A9} = {9277D781-7806-4C5C-B461-EFE216511D2F}
	EndGlobalSection
EndGlobal
